// !$*UTF8*$!
{
	archiveVersion = 1;
	classes = {
	};
	objectVersion = 50;
	objects = {

/* Begin PBXBuildFile section */
		84570A552204D5B40040B6D9 /* AppDelegate.swift in Sources */ = {isa = PBXBuildFile; fileRef = 84570A542204D5B40040B6D9 /* AppDelegate.swift */; };
		84570A572204D5B40040B6D9 /* ViewController.swift in Sources */ = {isa = PBXBuildFile; fileRef = 84570A562204D5B40040B6D9 /* ViewController.swift */; };
		84570A5A2204D5B40040B6D9 /* Main.storyboard in Resources */ = {isa = PBXBuildFile; fileRef = 84570A582204D5B40040B6D9 /* Main.storyboard */; };
		84570A5C2204D5B40040B6D9 /* Assets.xcassets in Resources */ = {isa = PBXBuildFile; fileRef = 84570A5B2204D5B40040B6D9 /* Assets.xcassets */; };
		84570A5F2204D5B40040B6D9 /* LaunchScreen.storyboard in Resources */ = {isa = PBXBuildFile; fileRef = 84570A5D2204D5B40040B6D9 /* LaunchScreen.storyboard */; };
		849E92222208D3380050C251 /* c37449119246b9e4b4161b00c96490d2--programming-humor-nerd-geek.jpg in Resources */ = {isa = PBXBuildFile; fileRef = 849E92212208D3380050C251 /* c37449119246b9e4b4161b00c96490d2--programming-humor-nerd-geek.jpg */; };
/* End PBXBuildFile section */

/* Begin PBXFileReference section */
		84570A512204D5B40040B6D9 /* Github Example.app */ = {isa = PBXFileReference; explicitFileType = wrapper.application; includeInIndex = 0; path = "Github Example.app"; sourceTree = BUILT_PRODUCTS_DIR; };
		84570A542204D5B40040B6D9 /* AppDelegate.swift */ = {isa = PBXFileReference; lastKnownFileType = sourcecode.swift; path = AppDelegate.swift; sourceTree = "<group>"; };
		84570A562204D5B40040B6D9 /* ViewController.swift */ = {isa = PBXFileReference; lastKnownFileType = sourcecode.swift; path = ViewController.swift; sourceTree = "<group>"; };
		84570A592204D5B40040B6D9 /* Base */ = {isa = PBXFileReference; lastKnownFileType = file.storyboard; name = Base; path = Base.lproj/Main.storyboard; sourceTree = "<group>"; };
		84570A5B2204D5B40040B6D9 /* Assets.xcassets */ = {isa = PBXFileReference; lastKnownFileType = folder.assetcatalog; path = Assets.xcassets; sourceTree = "<group>"; };
		84570A5E2204D5B40040B6D9 /* Base */ = {isa = PBXFileReference; lastKnownFileType = file.storyboard; name = Base; path = Base.lproj/LaunchScreen.storyboard; sourceTree = "<group>"; };
		84570A602204D5B40040B6D9 /* Info.plist */ = {isa = PBXFileReference; lastKnownFileType = text.plist.xml; path = Info.plist; sourceTree = "<group>"; };
		849E92212208D3380050C251 /* c37449119246b9e4b4161b00c96490d2--programming-humor-nerd-geek.jpg */ = {isa = PBXFileReference; lastKnownFileType = image.jpeg; name = "c37449119246b9e4b4161b00c96490d2--programming-humor-nerd-geek.jpg"; path = "../../../../Downloads/c37449119246b9e4b4161b00c96490d2--programming-humor-nerd-geek.jpg"; sourceTree = "<group>"; };
/* End PBXFileReference section */

/* Begin PBXFrameworksBuildPhase section */
		84570A4E2204D5B40040B6D9 /* Frameworks */ = {
			isa = PBXFrameworksBuildPhase;
			buildActionMask = 2147483647;
			files = (
			);
			runOnlyForDeploymentPostprocessing = 0;
		};
/* End PBXFrameworksBuildPhase section */

/* Begin PBXGroup section */
		84570A482204D5B40040B6D9 = {
			isa = PBXGroup;
			children = (
				84570A532204D5B40040B6D9 /* Github Example */,
				84570A522204D5B40040B6D9 /* Products */,
			);
			sourceTree = "<group>";
		};
		84570A522204D5B40040B6D9 /* Products */ = {
			isa = PBXGroup;
			children = (
				84570A512204D5B40040B6D9 /* Github Example.app */,
			);
			name = Products;
			sourceTree = "<group>";
		};
		84570A532204D5B40040B6D9 /* Github Example */ = {
			isa = PBXGroup;
			children = (
				84570A542204D5B40040B6D9 /* AppDelegate.swift */,
				84570A562204D5B40040B6D9 /* ViewController.swift */,
				84570A582204D5B40040B6D9 /* Main.storyboard */,
				84570A5B2204D5B40040B6D9 /* Assets.xcassets */,
				849E92212208D3380050C251 /* c37449119246b9e4b4161b00c96490d2--programming-humor-nerd-geek.jpg */,
				84570A5D2204D5B40040B6D9 /* LaunchScreen.storyboard */,
				84570A602204D5B40040B6D9 /* Info.plist */,
			);
			path = "Github Example";
			sourceTree = "<group>";
		};
/* End PBXGroup section */

/* Begin PBXNativeTarget section */
		84570A502204D5B40040B6D9 /* Github Example */ = {
			isa = PBXNativeTarget;
			buildConfigurationList = 84570A632204D5B40040B6D9 /* Build configuration list for PBXNativeTarget "Github Example" */;
			buildPhases = (
				84570A4D2204D5B40040B6D9 /* Sources */,
				84570A4E2204D5B40040B6D9 /* Frameworks */,
				84570A4F2204D5B40040B6D9 /* Resources */,
			);
			buildRules = (
			);
			dependencies = (
			);
			name = "Github Example";
			productName = "Github Example";
			productReference = 84570A512204D5B40040B6D9 /* Github Example.app */;
			productType = "com.apple.product-type.application";
		};
/* End PBXNativeTarget section */

/* Begin PBXProject section */
		84570A492204D5B40040B6D9 /* Project object */ = {
			isa = PBXProject;
			attributes = {
				LastSwiftUpdateCheck = 1010;
				LastUpgradeCheck = 1010;
				ORGANIZATIONNAME = "Austin Wickenberg";
				TargetAttributes = {
					84570A502204D5B40040B6D9 = {
						CreatedOnToolsVersion = 10.1;
					};
				};
			};
			buildConfigurationList = 84570A4C2204D5B40040B6D9 /* Build configuration list for PBXProject "Github Example" */;
			compatibilityVersion = "Xcode 9.3";
			developmentRegion = en;
			hasScannedForEncodings = 0;
			knownRegions = (
				en,
				Base,
			);
			mainGroup = 84570A482204D5B40040B6D9;
			productRefGroup = 84570A522204D5B40040B6D9 /* Products */;
			projectDirPath = "";
			projectRoot = "";
			targets = (
				84570A502204D5B40040B6D9 /* Github Example */,
			);
		};
/* End PBXProject section */

/* Begin PBXResourcesBuildPhase section */
		84570A4F2204D5B40040B6D9 /* Resources */ = {
			isa = PBXResourcesBuildPhase;
			buildActionMask = 2147483647;
			files = (
				84570A5F2204D5B40040B6D9 /* LaunchScreen.storyboard in Resources */,
				84570A5C2204D5B40040B6D9 /* Assets.xcassets in Resources */,
				849E92222208D3380050C251 /* c37449119246b9e4b4161b00c96490d2--programming-humor-nerd-geek.jpg in Resources */,
				84570A5A2204D5B40040B6D9 /* Main.storyboard in Resources */,
			);
			runOnlyForDeploymentPostprocessing = 0;
		};
/* End PBXResourcesBuildPhase section */

/* Begin PBXSourcesBuildPhase section */
		84570A4D2204D5B40040B6D9 /* Sources */ = {
			isa = PBXSourcesBuildPhase;
			buildActionMask = 2147483647;
			files = (
				84570A572204D5B40040B6D9 /* ViewController.swift in Sources */,
				84570A552204D5B40040B6D9 /* AppDelegate.swift in Sources */,
			);
			runOnlyForDeploymentPostprocessing = 0;
		};
/* End PBXSourcesBuildPhase section */

/* Begin PBXVariantGroup section */
		84570A582204D5B40040B6D9 /* Main.storyboard */ = {
			isa = PBXVariantGroup;
			children = (
				84570A592204D5B40040B6D9 /* Base */,
			);
			name = Main.storyboard;
			sourceTree = "<group>";
		};
		84570A5D2204D5B40040B6D9 /* LaunchScreen.storyboard */ = {
			isa = PBXVariantGroup;
			children = (
				84570A5E2204D5B40040B6D9 /* Base */,
			);
			name = LaunchScreen.storyboard;
			sourceTree = "<group>";
		};
/* End PBXVariantGroup section */

/* Begin XCBuildConfiguration section */
		84570A612204D5B40040B6D9 /* Debug */ = {
			isa = XCBuildConfiguration;
			buildSettings = {
				ALWAYS_SEARCH_USER_PATHS = NO;
				CLANG_ANALYZER_NONNULL = YES;
				CLANG_ANALYZER_NUMBER_OBJECT_CONVERSION = YES_AGGRESSIVE;
				CLANG_CXX_LANGUAGE_STANDARD = "gnu++14";
				CLANG_CXX_LIBRARY = "libc++";
				CLANG_ENABLE_MODULES = YES;
				CLANG_ENABLE_OBJC_ARC = YES;
				CLANG_ENABLE_OBJC_WEAK = YES;
				CLANG_WARN_BLOCK_CAPTURE_AUTORELEASING = YES;
				CLANG_WARN_BOOL_CONVERSION = YES;
				CLANG_WARN_COMMA = YES;
				CLANG_WARN_CONSTANT_CONVERSION = YES;
				CLANG_WARN_DEPRECATED_OBJC_IMPLEMENTATIONS = YES;
				CLANG_WARN_DIRECT_OBJC_ISA_USAGE = YES_ERROR;
				CLANG_WARN_DOCUMENTATION_COMMENTS = YES;
				CLANG_WARN_EMPTY_BODY = YES;
				CLANG_WARN_ENUM_CONVERSION = YES;
				CLANG_WARN_INFINITE_RECURSION = YES;
				CLANG_WARN_INT_CONVERSION = YES;
				CLANG_WARN_NON_LITERAL_NULL_CONVERSION = YES;
				CLANG_WARN_OBJC_IMPLICIT_RETAIN_SELF = YES;
				CLANG_WARN_OBJC_LITERAL_CONVERSION = YES;
				CLANG_WARN_OBJC_ROOT_CLASS = YES_ERROR;
				CLANG_WARN_RANGE_LOOP_ANALYSIS = YES;
				CLANG_WARN_STRICT_PROTOTYPES = YES;
				CLANG_WARN_SUSPICIOUS_MOVE = YES;
				CLANG_WARN_UNGUARDED_AVAILABILITY = YES_AGGRESSIVE;
				CLANG_WARN_UNREACHABLE_CODE = YES;
				CLANG_WARN__DUPLICATE_METHOD_MATCH = YES;
				CODE_SIGN_IDENTITY = "iPhone Developer";
				COPY_PHASE_STRIP = NO;
				DEBUG_INFORMATION_FORMAT = dwarf;
				ENABLE_STRICT_OBJC_MSGSEND = YES;
				ENABLE_TESTABILITY = YES;
				GCC_C_LANGUAGE_STANDARD = gnu11;
				GCC_DYNAMIC_NO_PIC = NO;
				GCC_NO_COMMON_BLOCKS = YES;
				GCC_OPTIMIZATION_LEVEL = 0;
				GCC_PREPROCESSOR_DEFINITIONS = (
					"DEBUG=1",
					"$(inherited)",
				);
				GCC_WARN_64_TO_32_BIT_CONVERSION = YES;
				GCC_WARN_ABOUT_RETURN_TYPE = YES_ERROR;
				GCC_WARN_UNDECLARED_SELECTOR = YES;
				GCC_WARN_UNINITIALIZED_AUTOS = YES_AGGRESSIVE;
				GCC_WARN_UNUSED_FUNCTION = YES;
				GCC_WARN_UNUSED_VARIABLE = YES;
				IPHONEOS_DEPLOYMENT_TARGET = 12.1;
				MTL_ENABLE_DEBUG_INFO = INCLUDE_SOURCE;
				MTL_FAST_MATH = YES;
				ONLY_ACTIVE_ARCH = YES;
				SDKROOT = iphoneos;
				SWIFT_ACTIVE_COMPILATION_CONDITIONS = DEBUG;
				SWIFT_OPTIMIZATION_LEVEL = "-Onone";
			};
			name = Debug;
		};
		84570A622204D5B40040B6D9 /* Release */ = {
			isa = XCBuildConfiguration;
			buildSettings = {
				ALWAYS_SEARCH_USER_PATHS = NO;
				CLANG_ANALYZER_NONNULL = YES;
				CLANG_ANALYZER_NUMBER_OBJECT_CONVERSION = YES_AGGRESSIVE;
				CLANG_CXX_LANGUAGE_STANDARD = "gnu++14";
				CLANG_CXX_LIBRARY = "libc++";
				CLANG_ENABLE_MODULES = YES;
				CLANG_ENABLE_OBJC_ARC = YES;
				CLANG_ENABLE_OBJC_WEAK = YES;
				CLANG_WARN_BLOCK_CAPTURE_AUTORELEASING = YES;
				CLANG_WARN_BOOL_CONVERSION = YES;
				CLANG_WARN_COMMA = YES;
				CLANG_WARN_CONSTANT_CONVERSION = YES;
				CLANG_WARN_DEPRECATED_OBJC_IMPLEMENTATIONS = YES;
				CLANG_WARN_DIRECT_OBJC_ISA_USAGE = YES_ERROR;
				CLANG_WARN_DOCUMENTATION_COMMENTS = YES;
				CLANG_WARN_EMPTY_BODY = YES;
				CLANG_WARN_ENUM_CONVERSION = YES;
				CLANG_WARN_INFINITE_RECURSION = YES;
				CLANG_WARN_INT_CONVERSION = YES;
				CLANG_WARN_NON_LITERAL_NULL_CONVERSION = YES;
				CLANG_WARN_OBJC_IMPLICIT_RETAIN_SELF = YES;
				CLANG_WARN_OBJC_LITERAL_CONVERSION = YES;
				CLANG_WARN_OBJC_ROOT_CLASS = YES_ERROR;
				CLANG_WARN_RANGE_LOOP_ANALYSIS = YES;
				CLANG_WARN_STRICT_PROTOTYPES = YES;
				CLANG_WARN_SUSPICIOUS_MOVE = YES;
				CLANG_WARN_UNGUARDED_AVAILABILITY = YES_AGGRESSIVE;
				CLANG_WARN_UNREACHABLE_CODE = YES;
				CLANG_WARN__DUPLICATE_METHOD_MATCH = YES;
				CODE_SIGN_IDENTITY = "iPhone Developer";
				COPY_PHASE_STRIP = NO;
				DEBUG_INFORMATION_FORMAT = "dwarf-with-dsym";
				ENABLE_NS_ASSERTIONS = NO;
				ENABLE_STRICT_OBJC_MSGSEND = YES;
				GCC_C_LANGUAGE_STANDARD = gnu11;
				GCC_NO_COMMON_BLOCKS = YES;
				GCC_WARN_64_TO_32_BIT_CONVERSION = YES;
				GCC_WARN_ABOUT_RETURN_TYPE = YES_ERROR;
				GCC_WARN_UNDECLARED_SELECTOR = YES;
				GCC_WARN_UNINITIALIZED_AUTOS = YES_AGGRESSIVE;
				GCC_WARN_UNUSED_FUNCTION = YES;
				GCC_WARN_UNUSED_VARIABLE = YES;
				IPHONEOS_DEPLOYMENT_TARGET = 12.1;
				MTL_ENABLE_DEBUG_INFO = NO;
				MTL_FAST_MATH = YES;
				SDKROOT = iphoneos;
				SWIFT_COMPILATION_MODE = wholemodule;
				SWIFT_OPTIMIZATION_LEVEL = "-O";
				VALIDATE_PRODUCT = YES;
			};
			name = Release;
		};
		84570A642204D5B40040B6D9 /* Debug */ = {
			isa = XCBuildConfiguration;
			buildSettings = {
				ASSETCATALOG_COMPILER_APPICON_NAME = AppIcon;
				CODE_SIGN_STYLE = Automatic;
				INFOPLIST_FILE = "Github Example/Info.plist";
				LD_RUNPATH_SEARCH_PATHS = (
					"$(inherited)",
					"@executable_path/Frameworks",
				);
				PRODUCT_BUNDLE_IDENTIFIER = "com.austinwickenberg.Github-Example";
				PRODUCT_NAME = "$(TARGET_NAME)";
				SWIFT_VERSION = 4.2;
				TARGETED_DEVICE_FAMILY = "1,2";
			};
			name = Debug;
		};
		84570A652204D5B40040B6D9 /* Release */ = {
			isa = XCBuildConfiguration;
			buildSettings = {
				ASSETCATALOG_COMPILER_APPICON_NAME = AppIcon;
				CODE_SIGN_STYLE = Automatic;
				INFOPLIST_FILE = "Github Example/Info.plist";
				LD_RUNPATH_SEARCH_PATHS = (
					"$(inherited)",
					"@executable_path/Frameworks",
				);
				PRODUCT_BUNDLE_IDENTIFIER = "com.austinwickenberg.Github-Example";
				PRODUCT_NAME = "$(TARGET_NAME)";
				SWIFT_VERSION = 4.2;
				TARGETED_DEVICE_FAMILY = "1,2";
			};
			name = Release;
		};
/* End XCBuildConfiguration section */

/* Begin XCConfigurationList section */
		84570A4C2204D5B40040B6D9 /* Build configuration list for PBXProject "Github Example" */ = {
			isa = XCConfigurationList;
			buildConfigurations = (
				84570A612204D5B40040B6D9 /* Debug */,
				84570A622204D5B40040B6D9 /* Release */,
			);
			defaultConfigurationIsVisible = 0;
			defaultConfigurationName = Release;
		};
		84570A632204D5B40040B6D9 /* Build configuration list for PBXNativeTarget "Github Example" */ = {
			isa = XCConfigurationList;
			buildConfigurations = (
				84570A642204D5B40040B6D9 /* Debug */,
				84570A652204D5B40040B6D9 /* Release */,
			);
			defaultConfigurationIsVisible = 0;
			defaultConfigurationName = Release;
		};
/* End XCConfigurationList section */
	};
	rootObject = 84570A492204D5B40040B6D9 /* Project object */;
}
